
Microsoft Visual Studio Solution File, Format Version 12.00
# Visual Studio Version 16
VisualStudioVersion = 16.0.31005.135
MinimumVisualStudioVersion = 10.0.40219.1
Project("{FAE04EC0-301F-11D3-BF4B-00C04F79EFBC}") = "Zoo", "Zoo\Zoo.csproj", "{3FCD7597-502B-4240-818F-6F6BD4FFBAA6}"
EndProject
Global
	GlobalSection(SolutionConfigurationPlatforms) = preSolution
		Debug|Any CPU = Debug|Any CPU
		Release|Any CPU = Release|Any CPU
	EndGlobalSection
	GlobalSection(ProjectConfigurationPlatforms) = postSolution
		{3FCD7597-502B-4240-818F-6F6BD4FFBAA6}.Debug|Any CPU.ActiveCfg = Debug|Any CPU
		{3FCD7597-502B-4240-818F-6F6BD4FFBAA6}.Debug|Any CPU.Build.0 = Debug|Any CPU
		{3FCD7597-502B-4240-818F-6F6BD4FFBAA6}.Release|Any CPU.ActiveCfg = Release|Any CPU
		{3FCD7597-502B-4240-818F-6F6BD4FFBAA6}.Release|Any CPU.Build.0 = Release|Any CPU
	EndGlobalSection
	GlobalSection(SolutionProperties) = preSolution
		HideSolutionNode = FALSE
	EndGlobalSection
	GlobalSection(ExtensibilityGlobals) = postSolution
		SolutionGuid = {5FCD79DA-FA8D-4436-8F29-D1FE6A6470CD}
	EndGlobalSection
EndGlobal
